PODS:
  - HockeySDK-Mac (5.1.0)
  - ORSSerialPort (2.0.2)
  - Sparkle (1.19.0)

DEPENDENCIES:
  - HockeySDK-Mac (~> 5.1.0)
  - ORSSerialPort
  - Sparkle

SPEC CHECKSUMS:
  HockeySDK-Mac: b313b42665ee33546a861996ad60267f86bfd585
  ORSSerialPort: 3fb0d2404b7e8b99c4f1aa7e7314d63030cd54c3
  Sparkle: 8486d2493599665e466b5076e72b28849776e32f

PODFILE CHECKSUM: 79f32f97d3a3adbd97a7a105f72f8c54e53cea9d

COCOAPODS: 1.4.0
