PODS:
  - ORSSerialPort (2.0.2)
  - Sparkle (1.19.0)

DEPENDENCIES:
  - ORSSerialPort
  - Sparkle

SPEC CHECKSUMS:
  ORSSerialPort: 3fb0d2404b7e8b99c4f1aa7e7314d63030cd54c3
  Sparkle: 8486d2493599665e466b5076e72b28849776e32f

PODFILE CHECKSUM: 27fc3220960230ca5cb37ab157b32022506fa361

COCOAPODS: 1.4.0
